// !$*UTF8*$!
{
	archiveVersion = 1;
	classes = {
	};
	objectVersion = 56;
	objects = {

/* Begin PBXBuildFile section */
		0477D9AC2CF319FB008DFE50 /* YS Display-Bold.ttf in Resources */ = {isa = PBXBuildFile; fileRef = 0477D9A92CF319FB008DFE50 /* YS Display-Bold.ttf */; };
		0477D9AD2CF319FB008DFE50 /* YS Display-Medium.ttf in Resources */ = {isa = PBXBuildFile; fileRef = 0477D9AA2CF319FB008DFE50 /* YS Display-Medium.ttf */; };
		0477D9B12D0848F3008DFE50 /* QuestionFactory.swift in Sources */ = {isa = PBXBuildFile; fileRef = 0477D9B02D0848F3008DFE50 /* QuestionFactory.swift */; };
		0477D9B42D084D76008DFE50 /* QuizStepViewModel.swift in Sources */ = {isa = PBXBuildFile; fileRef = 0477D9B32D084D76008DFE50 /* QuizStepViewModel.swift */; };
		0477D9B62D084D9A008DFE50 /* QuizResultViewModel.swift in Sources */ = {isa = PBXBuildFile; fileRef = 0477D9B52D084D9A008DFE50 /* QuizResultViewModel.swift */; };
		0477D9B82D084DB8008DFE50 /* QuizQuestion.swift in Sources */ = {isa = PBXBuildFile; fileRef = 0477D9B72D084DB8008DFE50 /* QuizQuestion.swift */; };
		0477D9BA2D085F73008DFE50 /* QuestionFactoryProtocol.swift in Sources */ = {isa = PBXBuildFile; fileRef = 0477D9B92D085F73008DFE50 /* QuestionFactoryProtocol.swift */; };
		0477D9BC2D086083008DFE50 /* QuestionFactoryDelegate.swift in Sources */ = {isa = PBXBuildFile; fileRef = 0477D9BB2D086083008DFE50 /* QuestionFactoryDelegate.swift */; };
		0477D9BE2D086669008DFE50 /* AlertModel.swift in Sources */ = {isa = PBXBuildFile; fileRef = 0477D9BD2D086669008DFE50 /* AlertModel.swift */; };
		0477D9C02D0866A5008DFE50 /* AlertPresenter.swift in Sources */ = {isa = PBXBuildFile; fileRef = 0477D9BF2D0866A5008DFE50 /* AlertPresenter.swift */; };
		0477D9C22D08675D008DFE50 /* AlertPresenterProtocol.swift in Sources */ = {isa = PBXBuildFile; fileRef = 0477D9C12D08675D008DFE50 /* AlertPresenterProtocol.swift */; };
		0477D9C42D086789008DFE50 /* AlertPresenterDelegate.swift in Sources */ = {isa = PBXBuildFile; fileRef = 0477D9C32D086789008DFE50 /* AlertPresenterDelegate.swift */; };
		0477D9C62D087108008DFE50 /* StatisticServiceProtocol.swift in Sources */ = {isa = PBXBuildFile; fileRef = 0477D9C52D087108008DFE50 /* StatisticServiceProtocol.swift */; };
		0477D9C82D0871BC008DFE50 /* GameResult.swift in Sources */ = {isa = PBXBuildFile; fileRef = 0477D9C72D0871BC008DFE50 /* GameResult.swift */; };
		0477D9CA2D0872FA008DFE50 /* StatisticService.swift in Sources */ = {isa = PBXBuildFile; fileRef = 0477D9C92D0872FA008DFE50 /* StatisticService.swift */; };
		0477D9CC2D087F9B008DFE50 /* Date+Extensions.swift in Sources */ = {isa = PBXBuildFile; fileRef = 0477D9CB2D087F9B008DFE50 /* Date+Extensions.swift */; };
		048CDA442C7F7AFC00E73774 /* AppDelegate.swift in Sources */ = {isa = PBXBuildFile; fileRef = 048CDA432C7F7AFC00E73774 /* AppDelegate.swift */; };
		048CDA462C7F7AFC00E73774 /* SceneDelegate.swift in Sources */ = {isa = PBXBuildFile; fileRef = 048CDA452C7F7AFC00E73774 /* SceneDelegate.swift */; };
		048CDA482C7F7AFC00E73774 /* MovieQuizViewController.swift in Sources */ = {isa = PBXBuildFile; fileRef = 048CDA472C7F7AFC00E73774 /* MovieQuizViewController.swift */; };
		048CDA4B2C7F7AFC00E73774 /* Base in Resources */ = {isa = PBXBuildFile; fileRef = 048CDA4A2C7F7AFC00E73774 /* Base */; };
		048CDA4D2C7F7AFE00E73774 /* Assets.xcassets in Resources */ = {isa = PBXBuildFile; fileRef = 048CDA4C2C7F7AFE00E73774 /* Assets.xcassets */; };
		048CDA502C7F7AFE00E73774 /* Base in Resources */ = {isa = PBXBuildFile; fileRef = 048CDA4F2C7F7AFE00E73774 /* Base */; };
		048CDA6B2C7F823200E73774 /* LaunchScreen.storyboard in Resources */ = {isa = PBXBuildFile; fileRef = 048CDA4E2C7F7AFE00E73774 /* LaunchScreen.storyboard */; };
		048CDA962C84727E00E73774 /* Main.storyboard in Resources */ = {isa = PBXBuildFile; fileRef = 048CDA492C7F7AFC00E73774 /* Main.storyboard */; };
/* End PBXBuildFile section */

/* Begin PBXFileReference section */
		0477D9A92CF319FB008DFE50 /* YS Display-Bold.ttf */ = {isa = PBXFileReference; lastKnownFileType = file; path = "YS Display-Bold.ttf"; sourceTree = "<group>"; };
		0477D9AA2CF319FB008DFE50 /* YS Display-Medium.ttf */ = {isa = PBXFileReference; lastKnownFileType = file; path = "YS Display-Medium.ttf"; sourceTree = "<group>"; };
		0477D9B02D0848F3008DFE50 /* QuestionFactory.swift */ = {isa = PBXFileReference; lastKnownFileType = sourcecode.swift; path = QuestionFactory.swift; sourceTree = "<group>"; };
		0477D9B32D084D76008DFE50 /* QuizStepViewModel.swift */ = {isa = PBXFileReference; lastKnownFileType = sourcecode.swift; path = QuizStepViewModel.swift; sourceTree = "<group>"; };
		0477D9B52D084D9A008DFE50 /* QuizResultViewModel.swift */ = {isa = PBXFileReference; lastKnownFileType = sourcecode.swift; path = QuizResultViewModel.swift; sourceTree = "<group>"; };
		0477D9B72D084DB8008DFE50 /* QuizQuestion.swift */ = {isa = PBXFileReference; lastKnownFileType = sourcecode.swift; path = QuizQuestion.swift; sourceTree = "<group>"; };
		0477D9B92D085F73008DFE50 /* QuestionFactoryProtocol.swift */ = {isa = PBXFileReference; lastKnownFileType = sourcecode.swift; path = QuestionFactoryProtocol.swift; sourceTree = "<group>"; };
		0477D9BB2D086083008DFE50 /* QuestionFactoryDelegate.swift */ = {isa = PBXFileReference; lastKnownFileType = sourcecode.swift; path = QuestionFactoryDelegate.swift; sourceTree = "<group>"; };
		0477D9BD2D086669008DFE50 /* AlertModel.swift */ = {isa = PBXFileReference; lastKnownFileType = sourcecode.swift; path = AlertModel.swift; sourceTree = "<group>"; };
		0477D9BF2D0866A5008DFE50 /* AlertPresenter.swift */ = {isa = PBXFileReference; lastKnownFileType = sourcecode.swift; path = AlertPresenter.swift; sourceTree = "<group>"; };
		0477D9C12D08675D008DFE50 /* AlertPresenterProtocol.swift */ = {isa = PBXFileReference; lastKnownFileType = sourcecode.swift; path = AlertPresenterProtocol.swift; sourceTree = "<group>"; };
		0477D9C32D086789008DFE50 /* AlertPresenterDelegate.swift */ = {isa = PBXFileReference; lastKnownFileType = sourcecode.swift; path = AlertPresenterDelegate.swift; sourceTree = "<group>"; };
		0477D9C52D087108008DFE50 /* StatisticServiceProtocol.swift */ = {isa = PBXFileReference; lastKnownFileType = sourcecode.swift; path = StatisticServiceProtocol.swift; sourceTree = "<group>"; };
		0477D9C72D0871BC008DFE50 /* GameResult.swift */ = {isa = PBXFileReference; lastKnownFileType = sourcecode.swift; path = GameResult.swift; sourceTree = "<group>"; };
		0477D9C92D0872FA008DFE50 /* StatisticService.swift */ = {isa = PBXFileReference; lastKnownFileType = sourcecode.swift; path = StatisticService.swift; sourceTree = "<group>"; };
		0477D9CB2D087F9B008DFE50 /* Date+Extensions.swift */ = {isa = PBXFileReference; lastKnownFileType = sourcecode.swift; path = "Date+Extensions.swift"; sourceTree = "<group>"; };
		048CDA402C7F7AFC00E73774 /* MovieQuiz.app */ = {isa = PBXFileReference; explicitFileType = wrapper.application; includeInIndex = 0; path = MovieQuiz.app; sourceTree = BUILT_PRODUCTS_DIR; };
		048CDA432C7F7AFC00E73774 /* AppDelegate.swift */ = {isa = PBXFileReference; lastKnownFileType = sourcecode.swift; path = AppDelegate.swift; sourceTree = "<group>"; };
		048CDA452C7F7AFC00E73774 /* SceneDelegate.swift */ = {isa = PBXFileReference; lastKnownFileType = sourcecode.swift; path = SceneDelegate.swift; sourceTree = "<group>"; };
		048CDA472C7F7AFC00E73774 /* MovieQuizViewController.swift */ = {isa = PBXFileReference; lastKnownFileType = sourcecode.swift; path = MovieQuizViewController.swift; sourceTree = "<group>"; };
		048CDA4A2C7F7AFC00E73774 /* Base */ = {isa = PBXFileReference; lastKnownFileType = file.storyboard; name = Base; path = Base.lproj/Main.storyboard; sourceTree = "<group>"; };
		048CDA4C2C7F7AFE00E73774 /* Assets.xcassets */ = {isa = PBXFileReference; lastKnownFileType = folder.assetcatalog; path = Assets.xcassets; sourceTree = "<group>"; };
		048CDA4F2C7F7AFE00E73774 /* Base */ = {isa = PBXFileReference; lastKnownFileType = file.storyboard; name = Base; path = Base.lproj/LaunchScreen.storyboard; sourceTree = "<group>"; };
		048CDA8F2C846C6C00E73774 /* info.plist */ = {isa = PBXFileReference; lastKnownFileType = text.plist.xml; path = info.plist; sourceTree = "<group>"; };
/* End PBXFileReference section */

/* Begin PBXFrameworksBuildPhase section */
		048CDA3D2C7F7AFC00E73774 /* Frameworks */ = {
			isa = PBXFrameworksBuildPhase;
			buildActionMask = 2147483647;
			files = (
			);
			runOnlyForDeploymentPostprocessing = 0;
		};
/* End PBXFrameworksBuildPhase section */

/* Begin PBXGroup section */
		0477D9AB2CF319FB008DFE50 /* YS Display */ = {
			isa = PBXGroup;
			children = (
				0477D9A92CF319FB008DFE50 /* YS Display-Bold.ttf */,
				0477D9AA2CF319FB008DFE50 /* YS Display-Medium.ttf */,
			);
			path = "YS Display";
			sourceTree = "<group>";
		};
		0477D9AE2CF31A25008DFE50 /* Helpers */ = {
			isa = PBXGroup;
			children = (
				0477D9CB2D087F9B008DFE50 /* Date+Extensions.swift */,
			);
			path = Helpers;
			sourceTree = "<group>";
		};
		0477D9AF2D084853008DFE50 /* Service */ = {
			isa = PBXGroup;
			children = (
				0477D9B02D0848F3008DFE50 /* QuestionFactory.swift */,
				0477D9B92D085F73008DFE50 /* QuestionFactoryProtocol.swift */,
				0477D9BB2D086083008DFE50 /* QuestionFactoryDelegate.swift */,
				0477D9C12D08675D008DFE50 /* AlertPresenterProtocol.swift */,
				0477D9C32D086789008DFE50 /* AlertPresenterDelegate.swift */,
				0477D9C52D087108008DFE50 /* StatisticServiceProtocol.swift */,
				0477D9C92D0872FA008DFE50 /* StatisticService.swift */,
			);
			path = Service;
			sourceTree = "<group>";
		};
		0477D9B22D084D45008DFE50 /* Models */ = {
			isa = PBXGroup;
			children = (
				0477D9B32D084D76008DFE50 /* QuizStepViewModel.swift */,
				0477D9B52D084D9A008DFE50 /* QuizResultViewModel.swift */,
				0477D9B72D084DB8008DFE50 /* QuizQuestion.swift */,
				0477D9BD2D086669008DFE50 /* AlertModel.swift */,
				0477D9C72D0871BC008DFE50 /* GameResult.swift */,
			);
			path = Models;
			sourceTree = "<group>";
		};
		048CDA372C7F7AFC00E73774 = {
			isa = PBXGroup;
			children = (
				048CDA422C7F7AFC00E73774 /* MovieQuiz */,
				048CDA452C7F7AFC00E73774 /* SceneDelegate.swift */,
				048CDA432C7F7AFC00E73774 /* AppDelegate.swift */,
				048CDA412C7F7AFC00E73774 /* Products */,
			);
			sourceTree = "<group>";
		};
		048CDA412C7F7AFC00E73774 /* Products */ = {
			isa = PBXGroup;
			children = (
				048CDA402C7F7AFC00E73774 /* MovieQuiz.app */,
			);
			name = Products;
			sourceTree = "<group>";
		};
		048CDA422C7F7AFC00E73774 /* MovieQuiz */ = {
			isa = PBXGroup;
			children = (
				0477D9B22D084D45008DFE50 /* Models */,
				0477D9AF2D084853008DFE50 /* Service */,
				048CDA952C84716500E73774 /* Presentation */,
				0477D9AE2CF31A25008DFE50 /* Helpers */,
				048CDA572C7F7CC600E73774 /* Resurces */,
			);
			path = MovieQuiz;
			sourceTree = "<group>";
		};
		048CDA572C7F7CC600E73774 /* Resurces */ = {
			isa = PBXGroup;
			children = (
				048CDA582C7F7CFD00E73774 /* Fonts */,
				048CDA4E2C7F7AFE00E73774 /* LaunchScreen.storyboard */,
				048CDA4C2C7F7AFE00E73774 /* Assets.xcassets */,
				048CDA8F2C846C6C00E73774 /* info.plist */,
			);
			path = Resurces;
			sourceTree = "<group>";
		};
		048CDA582C7F7CFD00E73774 /* Fonts */ = {
			isa = PBXGroup;
			children = (
				0477D9AB2CF319FB008DFE50 /* YS Display */,
			);
			path = Fonts;
			sourceTree = "<group>";
		};
		048CDA952C84716500E73774 /* Presentation */ = {
			isa = PBXGroup;
			children = (
				048CDA472C7F7AFC00E73774 /* MovieQuizViewController.swift */,
				048CDA492C7F7AFC00E73774 /* Main.storyboard */,
				0477D9BF2D0866A5008DFE50 /* AlertPresenter.swift */,
			);
			path = Presentation;
			sourceTree = "<group>";
		};
/* End PBXGroup section */

/* Begin PBXNativeTarget section */
		048CDA3F2C7F7AFC00E73774 /* MovieQuiz */ = {
			isa = PBXNativeTarget;
			buildConfigurationList = 048CDA542C7F7AFE00E73774 /* Build configuration list for PBXNativeTarget "MovieQuiz" */;
			buildPhases = (
				048CDA3C2C7F7AFC00E73774 /* Sources */,
				048CDA3D2C7F7AFC00E73774 /* Frameworks */,
				048CDA3E2C7F7AFC00E73774 /* Resources */,
			);
			buildRules = (
			);
			dependencies = (
			);
			name = MovieQuiz;
			productName = MovieQuiz;
			productReference = 048CDA402C7F7AFC00E73774 /* MovieQuiz.app */;
			productType = "com.apple.product-type.application";
		};
/* End PBXNativeTarget section */

/* Begin PBXProject section */
		048CDA382C7F7AFC00E73774 /* Project object */ = {
			isa = PBXProject;
			attributes = {
				BuildIndependentTargetsInParallel = 1;
				LastSwiftUpdateCheck = 1540;
				LastUpgradeCheck = 1540;
				TargetAttributes = {
					048CDA3F2C7F7AFC00E73774 = {
						CreatedOnToolsVersion = 15.4;
					};
				};
			};
			buildConfigurationList = 048CDA3B2C7F7AFC00E73774 /* Build configuration list for PBXProject "MovieQuiz" */;
			compatibilityVersion = "Xcode 14.0";
			developmentRegion = en;
			hasScannedForEncodings = 0;
			knownRegions = (
				en,
				Base,
			);
			mainGroup = 048CDA372C7F7AFC00E73774;
			productRefGroup = 048CDA412C7F7AFC00E73774 /* Products */;
			projectDirPath = "";
			projectRoot = "";
			targets = (
				048CDA3F2C7F7AFC00E73774 /* MovieQuiz */,
			);
		};
/* End PBXProject section */

/* Begin PBXResourcesBuildPhase section */
		048CDA3E2C7F7AFC00E73774 /* Resources */ = {
			isa = PBXResourcesBuildPhase;
			buildActionMask = 2147483647;
			files = (
				048CDA962C84727E00E73774 /* Main.storyboard in Resources */,
				0477D9AC2CF319FB008DFE50 /* YS Display-Bold.ttf in Resources */,
				048CDA4D2C7F7AFE00E73774 /* Assets.xcassets in Resources */,
				048CDA502C7F7AFE00E73774 /* Base in Resources */,
				048CDA4B2C7F7AFC00E73774 /* Base in Resources */,
				048CDA6B2C7F823200E73774 /* LaunchScreen.storyboard in Resources */,
				0477D9AD2CF319FB008DFE50 /* YS Display-Medium.ttf in Resources */,
			);
			runOnlyForDeploymentPostprocessing = 0;
		};
/* End PBXResourcesBuildPhase section */

/* Begin PBXSourcesBuildPhase section */
		048CDA3C2C7F7AFC00E73774 /* Sources */ = {
			isa = PBXSourcesBuildPhase;
			buildActionMask = 2147483647;
			files = (
				0477D9B12D0848F3008DFE50 /* QuestionFactory.swift in Sources */,
				0477D9C22D08675D008DFE50 /* AlertPresenterProtocol.swift in Sources */,
				0477D9C02D0866A5008DFE50 /* AlertPresenter.swift in Sources */,
				0477D9C42D086789008DFE50 /* AlertPresenterDelegate.swift in Sources */,
				048CDA482C7F7AFC00E73774 /* MovieQuizViewController.swift in Sources */,
				0477D9BA2D085F73008DFE50 /* QuestionFactoryProtocol.swift in Sources */,
				0477D9B82D084DB8008DFE50 /* QuizQuestion.swift in Sources */,
				0477D9B42D084D76008DFE50 /* QuizStepViewModel.swift in Sources */,
				0477D9CC2D087F9B008DFE50 /* Date+Extensions.swift in Sources */,
				0477D9C62D087108008DFE50 /* StatisticServiceProtocol.swift in Sources */,
				048CDA442C7F7AFC00E73774 /* AppDelegate.swift in Sources */,
				0477D9CA2D0872FA008DFE50 /* StatisticService.swift in Sources */,
				0477D9BC2D086083008DFE50 /* QuestionFactoryDelegate.swift in Sources */,
				0477D9B62D084D9A008DFE50 /* QuizResultViewModel.swift in Sources */,
				0477D9BE2D086669008DFE50 /* AlertModel.swift in Sources */,
				048CDA462C7F7AFC00E73774 /* SceneDelegate.swift in Sources */,
				0477D9C82D0871BC008DFE50 /* GameResult.swift in Sources */,
			);
			runOnlyForDeploymentPostprocessing = 0;
		};
/* End PBXSourcesBuildPhase section */

/* Begin PBXVariantGroup section */
		048CDA492C7F7AFC00E73774 /* Main.storyboard */ = {
			isa = PBXVariantGroup;
			children = (
				048CDA4A2C7F7AFC00E73774 /* Base */,
			);
			name = Main.storyboard;
			sourceTree = "<group>";
		};
		048CDA4E2C7F7AFE00E73774 /* LaunchScreen.storyboard */ = {
			isa = PBXVariantGroup;
			children = (
				048CDA4F2C7F7AFE00E73774 /* Base */,
			);
			name = LaunchScreen.storyboard;
			sourceTree = "<group>";
		};
/* End PBXVariantGroup section */

/* Begin XCBuildConfiguration section */
		048CDA522C7F7AFE00E73774 /* Debug */ = {
			isa = XCBuildConfiguration;
			buildSettings = {
				ALWAYS_SEARCH_USER_PATHS = NO;
				ASSETCATALOG_COMPILER_GENERATE_SWIFT_ASSET_SYMBOL_EXTENSIONS = YES;
				CLANG_ANALYZER_NONNULL = YES;
				CLANG_ANALYZER_NUMBER_OBJECT_CONVERSION = YES_AGGRESSIVE;
				CLANG_CXX_LANGUAGE_STANDARD = "gnu++20";
				CLANG_ENABLE_MODULES = YES;
				CLANG_ENABLE_OBJC_ARC = YES;
				CLANG_ENABLE_OBJC_WEAK = YES;
				CLANG_WARN_BLOCK_CAPTURE_AUTORELEASING = YES;
				CLANG_WARN_BOOL_CONVERSION = YES;
				CLANG_WARN_COMMA = YES;
				CLANG_WARN_CONSTANT_CONVERSION = YES;
				CLANG_WARN_DEPRECATED_OBJC_IMPLEMENTATIONS = YES;
				CLANG_WARN_DIRECT_OBJC_ISA_USAGE = YES_ERROR;
				CLANG_WARN_DOCUMENTATION_COMMENTS = YES;
				CLANG_WARN_EMPTY_BODY = YES;
				CLANG_WARN_ENUM_CONVERSION = YES;
				CLANG_WARN_INFINITE_RECURSION = YES;
				CLANG_WARN_INT_CONVERSION = YES;
				CLANG_WARN_NON_LITERAL_NULL_CONVERSION = YES;
				CLANG_WARN_OBJC_IMPLICIT_RETAIN_SELF = YES;
				CLANG_WARN_OBJC_LITERAL_CONVERSION = YES;
				CLANG_WARN_OBJC_ROOT_CLASS = YES_ERROR;
				CLANG_WARN_QUOTED_INCLUDE_IN_FRAMEWORK_HEADER = YES;
				CLANG_WARN_RANGE_LOOP_ANALYSIS = YES;
				CLANG_WARN_STRICT_PROTOTYPES = YES;
				CLANG_WARN_SUSPICIOUS_MOVE = YES;
				CLANG_WARN_UNGUARDED_AVAILABILITY = YES_AGGRESSIVE;
				CLANG_WARN_UNREACHABLE_CODE = YES;
				CLANG_WARN__DUPLICATE_METHOD_MATCH = YES;
				COPY_PHASE_STRIP = NO;
				DEBUG_INFORMATION_FORMAT = dwarf;
				ENABLE_STRICT_OBJC_MSGSEND = YES;
				ENABLE_TESTABILITY = YES;
				ENABLE_USER_SCRIPT_SANDBOXING = YES;
				GCC_C_LANGUAGE_STANDARD = gnu17;
				GCC_DYNAMIC_NO_PIC = NO;
				GCC_NO_COMMON_BLOCKS = YES;
				GCC_OPTIMIZATION_LEVEL = 0;
				GCC_PREPROCESSOR_DEFINITIONS = (
					"DEBUG=1",
					"$(inherited)",
				);
				GCC_WARN_64_TO_32_BIT_CONVERSION = YES;
				GCC_WARN_ABOUT_RETURN_TYPE = YES_ERROR;
				GCC_WARN_UNDECLARED_SELECTOR = YES;
				GCC_WARN_UNINITIALIZED_AUTOS = YES_AGGRESSIVE;
				GCC_WARN_UNUSED_FUNCTION = YES;
				GCC_WARN_UNUSED_VARIABLE = YES;
				IPHONEOS_DEPLOYMENT_TARGET = 17.5;
				LOCALIZATION_PREFERS_STRING_CATALOGS = YES;
				MTL_ENABLE_DEBUG_INFO = INCLUDE_SOURCE;
				MTL_FAST_MATH = YES;
				ONLY_ACTIVE_ARCH = YES;
				SDKROOT = iphoneos;
				SWIFT_ACTIVE_COMPILATION_CONDITIONS = "DEBUG $(inherited)";
				SWIFT_OPTIMIZATION_LEVEL = "-Onone";
			};
			name = Debug;
		};
		048CDA532C7F7AFE00E73774 /* Release */ = {
			isa = XCBuildConfiguration;
			buildSettings = {
				ALWAYS_SEARCH_USER_PATHS = NO;
				ASSETCATALOG_COMPILER_GENERATE_SWIFT_ASSET_SYMBOL_EXTENSIONS = YES;
				CLANG_ANALYZER_NONNULL = YES;
				CLANG_ANALYZER_NUMBER_OBJECT_CONVERSION = YES_AGGRESSIVE;
				CLANG_CXX_LANGUAGE_STANDARD = "gnu++20";
				CLANG_ENABLE_MODULES = YES;
				CLANG_ENABLE_OBJC_ARC = YES;
				CLANG_ENABLE_OBJC_WEAK = YES;
				CLANG_WARN_BLOCK_CAPTURE_AUTORELEASING = YES;
				CLANG_WARN_BOOL_CONVERSION = YES;
				CLANG_WARN_COMMA = YES;
				CLANG_WARN_CONSTANT_CONVERSION = YES;
				CLANG_WARN_DEPRECATED_OBJC_IMPLEMENTATIONS = YES;
				CLANG_WARN_DIRECT_OBJC_ISA_USAGE = YES_ERROR;
				CLANG_WARN_DOCUMENTATION_COMMENTS = YES;
				CLANG_WARN_EMPTY_BODY = YES;
				CLANG_WARN_ENUM_CONVERSION = YES;
				CLANG_WARN_INFINITE_RECURSION = YES;
				CLANG_WARN_INT_CONVERSION = YES;
				CLANG_WARN_NON_LITERAL_NULL_CONVERSION = YES;
				CLANG_WARN_OBJC_IMPLICIT_RETAIN_SELF = YES;
				CLANG_WARN_OBJC_LITERAL_CONVERSION = YES;
				CLANG_WARN_OBJC_ROOT_CLASS = YES_ERROR;
				CLANG_WARN_QUOTED_INCLUDE_IN_FRAMEWORK_HEADER = YES;
				CLANG_WARN_RANGE_LOOP_ANALYSIS = YES;
				CLANG_WARN_STRICT_PROTOTYPES = YES;
				CLANG_WARN_SUSPICIOUS_MOVE = YES;
				CLANG_WARN_UNGUARDED_AVAILABILITY = YES_AGGRESSIVE;
				CLANG_WARN_UNREACHABLE_CODE = YES;
				CLANG_WARN__DUPLICATE_METHOD_MATCH = YES;
				COPY_PHASE_STRIP = NO;
				DEBUG_INFORMATION_FORMAT = "dwarf-with-dsym";
				ENABLE_NS_ASSERTIONS = NO;
				ENABLE_STRICT_OBJC_MSGSEND = YES;
				ENABLE_USER_SCRIPT_SANDBOXING = YES;
				GCC_C_LANGUAGE_STANDARD = gnu17;
				GCC_NO_COMMON_BLOCKS = YES;
				GCC_WARN_64_TO_32_BIT_CONVERSION = YES;
				GCC_WARN_ABOUT_RETURN_TYPE = YES_ERROR;
				GCC_WARN_UNDECLARED_SELECTOR = YES;
				GCC_WARN_UNINITIALIZED_AUTOS = YES_AGGRESSIVE;
				GCC_WARN_UNUSED_FUNCTION = YES;
				GCC_WARN_UNUSED_VARIABLE = YES;
				IPHONEOS_DEPLOYMENT_TARGET = 17.5;
				LOCALIZATION_PREFERS_STRING_CATALOGS = YES;
				MTL_ENABLE_DEBUG_INFO = NO;
				MTL_FAST_MATH = YES;
				SDKROOT = iphoneos;
				SWIFT_COMPILATION_MODE = wholemodule;
				VALIDATE_PRODUCT = YES;
			};
			name = Release;
		};
		048CDA552C7F7AFE00E73774 /* Debug */ = {
			isa = XCBuildConfiguration;
			buildSettings = {
				ASSETCATALOG_COMPILER_APPICON_NAME = AppIcon;
				ASSETCATALOG_COMPILER_GLOBAL_ACCENT_COLOR_NAME = AccentColor;
				CODE_SIGN_STYLE = Automatic;
				CURRENT_PROJECT_VERSION = 1;
				GENERATE_INFOPLIST_FILE = YES;
				INFOPLIST_FILE = MovieQuiz/Info.plist;
				INFOPLIST_KEY_UIApplicationSupportsIndirectInputEvents = YES;
				INFOPLIST_KEY_UILaunchStoryboardName = LaunchScreen;
				INFOPLIST_KEY_UIMainStoryboardFile = Main;
				INFOPLIST_KEY_UISupportedInterfaceOrientations_iPad = "UIInterfaceOrientationPortrait UIInterfaceOrientationPortraitUpsideDown UIInterfaceOrientationLandscapeLeft UIInterfaceOrientationLandscapeRight";
				INFOPLIST_KEY_UISupportedInterfaceOrientations_iPhone = "UIInterfaceOrientationPortrait UIInterfaceOrientationLandscapeLeft UIInterfaceOrientationLandscapeRight";
				LD_RUNPATH_SEARCH_PATHS = (
					"$(inherited)",
					"@executable_path/Frameworks",
				);
				MARKETING_VERSION = 1.0;
				PRODUCT_BUNDLE_IDENTIFIER = test.MovieQuiz;
				PRODUCT_NAME = "$(TARGET_NAME)";
				SWIFT_EMIT_LOC_STRINGS = YES;
				SWIFT_VERSION = 5.0;
				TARGETED_DEVICE_FAMILY = "1,2";
			};
			name = Debug;
		};
		048CDA562C7F7AFE00E73774 /* Release */ = {
			isa = XCBuildConfiguration;
			buildSettings = {
				ASSETCATALOG_COMPILER_APPICON_NAME = AppIcon;
				ASSETCATALOG_COMPILER_GLOBAL_ACCENT_COLOR_NAME = AccentColor;
				CODE_SIGN_STYLE = Automatic;
				CURRENT_PROJECT_VERSION = 1;
				GENERATE_INFOPLIST_FILE = YES;
				INFOPLIST_FILE = MovieQuiz/Info.plist;
				INFOPLIST_KEY_UIApplicationSupportsIndirectInputEvents = YES;
				INFOPLIST_KEY_UILaunchStoryboardName = LaunchScreen;
				INFOPLIST_KEY_UIMainStoryboardFile = Main;
				INFOPLIST_KEY_UISupportedInterfaceOrientations_iPad = "UIInterfaceOrientationPortrait UIInterfaceOrientationPortraitUpsideDown UIInterfaceOrientationLandscapeLeft UIInterfaceOrientationLandscapeRight";
				INFOPLIST_KEY_UISupportedInterfaceOrientations_iPhone = "UIInterfaceOrientationPortrait UIInterfaceOrientationLandscapeLeft UIInterfaceOrientationLandscapeRight";
				LD_RUNPATH_SEARCH_PATHS = (
					"$(inherited)",
					"@executable_path/Frameworks",
				);
				MARKETING_VERSION = 1.0;
				PRODUCT_BUNDLE_IDENTIFIER = test.MovieQuiz;
				PRODUCT_NAME = "$(TARGET_NAME)";
				SWIFT_EMIT_LOC_STRINGS = YES;
				SWIFT_VERSION = 5.0;
				TARGETED_DEVICE_FAMILY = "1,2";
			};
			name = Release;
		};
/* End XCBuildConfiguration section */

/* Begin XCConfigurationList section */
		048CDA3B2C7F7AFC00E73774 /* Build configuration list for PBXProject "MovieQuiz" */ = {
			isa = XCConfigurationList;
			buildConfigurations = (
				048CDA522C7F7AFE00E73774 /* Debug */,
				048CDA532C7F7AFE00E73774 /* Release */,
			);
			defaultConfigurationIsVisible = 0;
			defaultConfigurationName = Release;
		};
		048CDA542C7F7AFE00E73774 /* Build configuration list for PBXNativeTarget "MovieQuiz" */ = {
			isa = XCConfigurationList;
			buildConfigurations = (
				048CDA552C7F7AFE00E73774 /* Debug */,
				048CDA562C7F7AFE00E73774 /* Release */,
			);
			defaultConfigurationIsVisible = 0;
			defaultConfigurationName = Release;
		};
/* End XCConfigurationList section */
	};
	rootObject = 048CDA382C7F7AFC00E73774 /* Project object */;
}
